<?xml version="1.0" encoding="utf-8"?>
<Project ToolsVersion="4.0" xmlns="http://schemas.microsoft.com/developer/msbuild/2003">
  <ItemGroup>
    <ClCompile Include="base.cpp" />
    <ClCompile Include="bstream.cpp" />
    <ClCompile Include="color.cpp" />
    <ClCompile Include="crt.cpp" />
    <ClCompile Include="ctype.cpp" />
    <ClCompile Include="dice.cpp" />
    <ClCompile Include="draw.cpp" />
    <ClCompile Include="drawable.cpp" />
    <ClCompile Include="grammar.cpp" />
    <ClCompile Include="io.cpp" />
    <ClCompile Include="io_socket.cpp" />
    <ClCompile Include="pathfind.cpp" />
    <ClCompile Include="point.cpp" />
    <ClCompile Include="sprite.cpp" />
    <ClCompile Include="string.cpp" />
    <ClCompile Include="szdup.cpp" />
    <ClCompile Include="date.cpp" />
    <ClCompile Include="win_date.cpp" />
    <ClCompile Include="win_draw.cpp" />
    <ClCompile Include="win_draw_dlg.cpp" />
    <ClCompile Include="win_thread.cpp" />
    <ClCompile Include="win_util.cpp" />
    <ClCompile Include="selector.cpp" />
    <ClCompile Include="draw_window.cpp" />
    <ClCompile Include="draw_text.cpp" />
    <ClCompile Include="win_draw_shell.cpp" />
    <ClCompile Include="vallist.cpp" />
    <ClCompile Include="io_sequence.cpp" />
    <ClCompile Include="sprite_store.cpp" />
    <ClCompile Include="crt_memory.cpp" />
    <ClCompile Include="command.cpp" />
    <ClCompile Include="resources.cpp" />
    <ClCompile Include="io_memory.cpp" />
    <ClCompile Include="win_io_file.cpp" />
    <ClCompile Include="calculator.cpp" />
    <ClCompile Include="crt_parse.cpp" />
    <ClCompile Include="calculator_override.cpp" />
    <ClCompile Include="tagdata.cpp" />
    <ClCompile Include="pma.cpp" />
    <ClCompile Include="valtree.cpp" />
    <ClCompile Include="bitops.cpp" />
    <ClCompile Include="surface.cpp" />
    <ClCompile Include="surface_serial.cpp" />
    <ClCompile Include="screenshoot.cpp" />
    <ClCompile Include="hotkey.cpp" />
    <ClCompile Include="xsfield.cpp" />
    <ClCompile Include="xsref.cpp" />
    <ClCompile Include="collection.cpp" />
    <ClCompile Include="getsid.cpp" />
    <ClCompile Include="amem.cpp" />
    <ClCompile Include="xsbase.cpp" />
    <ClCompile Include="xsparse.cpp" />
    <ClCompile Include="xsdoc.cpp" />
    <ClCompile Include="xsbase_serial.cpp" />
    <ClCompile Include="xsglobal.cpp" />
    <ClCompile Include="stringlib.cpp" />
    <ClCompile Include="stringcreator.cpp" />
    <ClCompile Include="stringtree.cpp" />
    <ClCompile Include="win_io_ftp.cpp" />
    <ClCompile Include="converter.cpp" />
    <ClCompile Include="widget_plugin.cpp" />
    <ClCompile Include="xscontext.cpp" />
    <ClCompile Include="widget_field.cpp" />
    <ClCompile Include="widget_form.cpp" />
    <ClCompile Include="widget_scroll.cpp" />
    <ClCompile Include="widget_button.cpp" />
    <ClCompile Include="widget_splitter.cpp" />
    <ClCompile Include="widget_tabs.cpp" />
    <ClCompile Include="widget_control.cpp" />
    <ClCompile Include="widget_list.cpp" />
    <ClCompile Include="widget_table.cpp" />
    <ClCompile Include="point_type.cpp" />
    <ClCompile Include="widget_toolbar.cpp" />
    <ClCompile Include="draw_focusing.cpp" />
    <ClCompile Include="widget_tooltips.cpp" />
    <ClCompile Include="draw_input.cpp" />
    <ClCompile Include="widget_textedit.cpp" />
    <ClCompile Include="widget_scrollable.cpp" />
    <ClCompile Include="widget_dockbar.cpp" />
    <ClCompile Include="win_menu.cpp" />
    <ClCompile Include="widget_element.cpp" />
    <ClCompile Include="widget_tree.cpp" />
    <ClCompile Include="widget_statusbar.cpp" />
    <ClCompile Include="widget_dialog.cpp" />
    <ClCompile Include="widget_settings.cpp" />
    <ClCompile Include="xsvalue.cpp" />
    <ClCompile Include="draw_textf.cpp" />
    <ClCompile Include="io_plugin.cpp" />
    <ClCompile Include="widget.cpp" />
    <ClCompile Include="valtree_serial.cpp" />
  </ItemGroup>
  <ItemGroup>
    <ClInclude Include="base.h" />
    <ClInclude Include="bstream.h" />
    <ClInclude Include="color.h" />
    <ClInclude Include="crt.h" />
    <ClInclude Include="ctype.h" />
    <ClInclude Include="dice.h" />
    <ClInclude Include="draw.h" />
    <ClInclude Include="drawable.h" />
    <ClInclude Include="font.h" />
    <ClInclude Include="grammar.h" />
    <ClInclude Include="io.h" />
    <ClInclude Include="menu.h" />
    <ClInclude Include="pathfind.h" />
    <ClInclude Include="point.h" />
    <ClInclude Include="pointl.h" />
    <ClInclude Include="rect.h" />
    <ClInclude Include="rects.h" />
    <ClInclude Include="sprite.h" />
    <ClInclude Include="string.h" />
    <ClInclude Include="terminal.h" />
    <ClInclude Include="thread.h" />
    <ClInclude Include="win.h" />
    <ClInclude Include="selector.h" />
    <ClInclude Include="command.h" />
    <ClInclude Include="resources.h" />
    <ClInclude Include="vallist.h" />
    <ClInclude Include="calculator.h" />
    <ClInclude Include="tagdata.h" />
    <ClInclude Include="pma.h" />
    <ClInclude Include="valtree.h" />
    <ClInclude Include="bitops.h" />
    <ClInclude Include="surface.h" />
    <ClInclude Include="screenshoot.h" />
    <ClInclude Include="hotkey.h" />
    <ClInclude Include="adat.h" />
    <ClInclude Include="aref.h" />
    <ClInclude Include="autogrow.h" />
    <ClInclude Include="xsfield.h" />
    <ClInclude Include="xsref.h" />
    <ClInclude Include="collection.h" />
    <ClInclude Include="amem.h" />
    <ClInclude Include="xsbase.h" />
    <ClInclude Include="xsparse.h" />
    <ClInclude Include="xsdoc.h" />
    <ClInclude Include="xsglobal.h" />
    <ClInclude Include="stringlib.h" />
    <ClInclude Include="stringcreator.h" />
    <ClInclude Include="stringtree.h" />
    <ClInclude Include="io_ftp.h" />
    <ClInclude Include="stringid.h" />
    <ClInclude Include="converter.h" />
    <ClInclude Include="widget.h" />
    <ClInclude Include="acol.h" />
    <ClInclude Include="xscontext.h" />
    <ClInclude Include="widget_list.h" />
    <ClInclude Include="widget_table.h" />
    <ClInclude Include="widget_textedit.h" />
    <ClInclude Include="widget_scrollable.h" />
    <ClInclude Include="widget_tree.h" />
    <ClInclude Include="widget_settings.h" />
    <ClInclude Include="xsvalue.h" />
    <ClInclude Include="collections.h" />
  </ItemGroup>
</Project>